// !$*UTF8*$!
{
	archiveVersion = 1;
	classes = {
	};
	objectVersion = 50;
	objects = {

/* Begin PBXBuildFile section */
		CEAE805427317ACF00DFAAD8 /* AppDelegate.swift in Sources */ = {isa = PBXBuildFile; fileRef = CEAE805327317ACF00DFAAD8 /* AppDelegate.swift */; };
		CEAE805D27317AD300DFAAD8 /* Assets.xcassets in Resources */ = {isa = PBXBuildFile; fileRef = CEAE805C27317AD300DFAAD8 /* Assets.xcassets */; };
		CEAE806027317AD300DFAAD8 /* LaunchScreen.storyboard in Resources */ = {isa = PBXBuildFile; fileRef = CEAE805E27317AD300DFAAD8 /* LaunchScreen.storyboard */; };
		CEAE807D273182AD00DFAAD8 /* BananaPresenter.swift in Sources */ = {isa = PBXBuildFile; fileRef = CEAE8074273182AD00DFAAD8 /* BananaPresenter.swift */; };
		CEAE8080273182AD00DFAAD8 /* BananaModels.swift in Sources */ = {isa = PBXBuildFile; fileRef = CEAE8077273182AD00DFAAD8 /* BananaModels.swift */; };
		CEAE8081273182AD00DFAAD8 /* BananaViewController.swift in Sources */ = {isa = PBXBuildFile; fileRef = CEAE8078273182AD00DFAAD8 /* BananaViewController.swift */; };
		CEAE8082273182AD00DFAAD8 /* BananaProtocols.swift in Sources */ = {isa = PBXBuildFile; fileRef = CEAE8079273182AD00DFAAD8 /* BananaProtocols.swift */; };
		CEAE8083273182AD00DFAAD8 /* BananaBuilder.swift in Sources */ = {isa = PBXBuildFile; fileRef = CEAE807A273182AD00DFAAD8 /* BananaBuilder.swift */; };
		CEAE8084273182AD00DFAAD8 /* BananaInteractor.swift in Sources */ = {isa = PBXBuildFile; fileRef = CEAE807B273182AD00DFAAD8 /* BananaInteractor.swift */; };
		CEAE8097273188D700DFAAD8 /* BananaView.swift in Sources */ = {isa = PBXBuildFile; fileRef = CEAE8094273188D700DFAAD8 /* BananaView.swift */; };
		CEAE809927318AE900DFAAD8 /* NetworkManager.swift in Sources */ = {isa = PBXBuildFile; fileRef = CEAE809827318AE800DFAAD8 /* NetworkManager.swift */; };
/* End PBXBuildFile section */

/* Begin PBXFileReference section */
		CEAE805027317ACF00DFAAD8 /* FriendrTestApp.app */ = {isa = PBXFileReference; explicitFileType = wrapper.application; includeInIndex = 0; path = FriendrTestApp.app; sourceTree = BUILT_PRODUCTS_DIR; };
		CEAE805327317ACF00DFAAD8 /* AppDelegate.swift */ = {isa = PBXFileReference; lastKnownFileType = sourcecode.swift; path = AppDelegate.swift; sourceTree = "<group>"; };
		CEAE805C27317AD300DFAAD8 /* Assets.xcassets */ = {isa = PBXFileReference; lastKnownFileType = folder.assetcatalog; path = Assets.xcassets; sourceTree = "<group>"; };
		CEAE805F27317AD300DFAAD8 /* Base */ = {isa = PBXFileReference; lastKnownFileType = file.storyboard; name = Base; path = Base.lproj/LaunchScreen.storyboard; sourceTree = "<group>"; };
		CEAE806127317AD300DFAAD8 /* Info.plist */ = {isa = PBXFileReference; lastKnownFileType = text.plist.xml; path = Info.plist; sourceTree = "<group>"; };
		CEAE8074273182AD00DFAAD8 /* BananaPresenter.swift */ = {isa = PBXFileReference; lastKnownFileType = sourcecode.swift; path = BananaPresenter.swift; sourceTree = "<group>"; };
		CEAE8077273182AD00DFAAD8 /* BananaModels.swift */ = {isa = PBXFileReference; lastKnownFileType = sourcecode.swift; path = BananaModels.swift; sourceTree = "<group>"; };
		CEAE8078273182AD00DFAAD8 /* BananaViewController.swift */ = {isa = PBXFileReference; lastKnownFileType = sourcecode.swift; path = BananaViewController.swift; sourceTree = "<group>"; };
		CEAE8079273182AD00DFAAD8 /* BananaProtocols.swift */ = {isa = PBXFileReference; lastKnownFileType = sourcecode.swift; path = BananaProtocols.swift; sourceTree = "<group>"; };
		CEAE807A273182AD00DFAAD8 /* BananaBuilder.swift */ = {isa = PBXFileReference; lastKnownFileType = sourcecode.swift; path = BananaBuilder.swift; sourceTree = "<group>"; };
		CEAE807B273182AD00DFAAD8 /* BananaInteractor.swift */ = {isa = PBXFileReference; lastKnownFileType = sourcecode.swift; path = BananaInteractor.swift; sourceTree = "<group>"; };
		CEAE8094273188D700DFAAD8 /* BananaView.swift */ = {isa = PBXFileReference; lastKnownFileType = sourcecode.swift; path = BananaView.swift; sourceTree = "<group>"; };
		CEAE809827318AE800DFAAD8 /* NetworkManager.swift */ = {isa = PBXFileReference; lastKnownFileType = sourcecode.swift; path = NetworkManager.swift; sourceTree = "<group>"; };
/* End PBXFileReference section */

/* Begin PBXFrameworksBuildPhase section */
		CEAE804D27317ACF00DFAAD8 /* Frameworks */ = {
			isa = PBXFrameworksBuildPhase;
			buildActionMask = 2147483647;
			files = (
			);
			runOnlyForDeploymentPostprocessing = 0;
		};
/* End PBXFrameworksBuildPhase section */

/* Begin PBXGroup section */
		CEAE804727317ACF00DFAAD8 = {
			isa = PBXGroup;
			children = (
				CEAE805227317ACF00DFAAD8 /* FriendrTestApp */,
				CEAE805127317ACF00DFAAD8 /* Products */,
			);
			sourceTree = "<group>";
		};
		CEAE805127317ACF00DFAAD8 /* Products */ = {
			isa = PBXGroup;
			children = (
				CEAE805027317ACF00DFAAD8 /* FriendrTestApp.app */,
			);
			name = Products;
			sourceTree = "<group>";
		};
		CEAE805227317ACF00DFAAD8 /* FriendrTestApp */ = {
			isa = PBXGroup;
			children = (
				CEAE805327317ACF00DFAAD8 /* AppDelegate.swift */,
				CEAE8067273180FD00DFAAD8 /* BananaView */,
				CEAE809A273193D200DFAAD8 /* Managers */,
				CEAE805C27317AD300DFAAD8 /* Assets.xcassets */,
				CEAE805E27317AD300DFAAD8 /* LaunchScreen.storyboard */,
				CEAE806127317AD300DFAAD8 /* Info.plist */,
			);
			path = FriendrTestApp;
			sourceTree = "<group>";
		};
		CEAE8067273180FD00DFAAD8 /* BananaView */ = {
			isa = PBXGroup;
			children = (
				CEAE8074273182AD00DFAAD8 /* BananaPresenter.swift */,
				CEAE8077273182AD00DFAAD8 /* BananaModels.swift */,
				CEAE8078273182AD00DFAAD8 /* BananaViewController.swift */,
				CEAE8079273182AD00DFAAD8 /* BananaProtocols.swift */,
				CEAE807A273182AD00DFAAD8 /* BananaBuilder.swift */,
				CEAE807B273182AD00DFAAD8 /* BananaInteractor.swift */,
				CEAE8094273188D700DFAAD8 /* BananaView.swift */,
			);
			path = BananaView;
			sourceTree = "<group>";
		};
		CEAE809A273193D200DFAAD8 /* Managers */ = {
			isa = PBXGroup;
			children = (
				CEAE809827318AE800DFAAD8 /* NetworkManager.swift */,
			);
			path = Managers;
			sourceTree = "<group>";
		};
/* End PBXGroup section */

/* Begin PBXNativeTarget section */
		CEAE804F27317ACF00DFAAD8 /* FriendrTestApp */ = {
			isa = PBXNativeTarget;
			buildConfigurationList = CEAE806427317AD300DFAAD8 /* Build configuration list for PBXNativeTarget "FriendrTestApp" */;
			buildPhases = (
				CEAE804C27317ACF00DFAAD8 /* Sources */,
				CEAE804D27317ACF00DFAAD8 /* Frameworks */,
				CEAE804E27317ACF00DFAAD8 /* Resources */,
			);
			buildRules = (
			);
			dependencies = (
			);
			name = FriendrTestApp;
			productName = FriendrTestApp;
			productReference = CEAE805027317ACF00DFAAD8 /* FriendrTestApp.app */;
			productType = "com.apple.product-type.application";
		};
/* End PBXNativeTarget section */

/* Begin PBXProject section */
		CEAE804827317ACF00DFAAD8 /* Project object */ = {
			isa = PBXProject;
			attributes = {
				LastSwiftUpdateCheck = 1250;
				LastUpgradeCheck = 1250;
				TargetAttributes = {
					CEAE804F27317ACF00DFAAD8 = {
						CreatedOnToolsVersion = 12.5.1;
						LastSwiftMigration = 1250;
					};
				};
			};
			buildConfigurationList = CEAE804B27317ACF00DFAAD8 /* Build configuration list for PBXProject "FriendrTestApp" */;
			compatibilityVersion = "Xcode 9.3";
			developmentRegion = en;
			hasScannedForEncodings = 0;
			knownRegions = (
				en,
				Base,
			);
			mainGroup = CEAE804727317ACF00DFAAD8;
			productRefGroup = CEAE805127317ACF00DFAAD8 /* Products */;
			projectDirPath = "";
			projectRoot = "";
			targets = (
				CEAE804F27317ACF00DFAAD8 /* FriendrTestApp */,
			);
		};
/* End PBXProject section */

/* Begin PBXResourcesBuildPhase section */
		CEAE804E27317ACF00DFAAD8 /* Resources */ = {
			isa = PBXResourcesBuildPhase;
			buildActionMask = 2147483647;
			files = (
				CEAE806027317AD300DFAAD8 /* LaunchScreen.storyboard in Resources */,
				CEAE805D27317AD300DFAAD8 /* Assets.xcassets in Resources */,
			);
			runOnlyForDeploymentPostprocessing = 0;
		};
/* End PBXResourcesBuildPhase section */

/* Begin PBXSourcesBuildPhase section */
		CEAE804C27317ACF00DFAAD8 /* Sources */ = {
			isa = PBXSourcesBuildPhase;
			buildActionMask = 2147483647;
			files = (
				CEAE809927318AE900DFAAD8 /* NetworkManager.swift in Sources */,
				CEAE8082273182AD00DFAAD8 /* BananaProtocols.swift in Sources */,
				CEAE8083273182AD00DFAAD8 /* BananaBuilder.swift in Sources */,
				CEAE8097273188D700DFAAD8 /* BananaView.swift in Sources */,
				CEAE8081273182AD00DFAAD8 /* BananaViewController.swift in Sources */,
				CEAE807D273182AD00DFAAD8 /* BananaPresenter.swift in Sources */,
				CEAE8080273182AD00DFAAD8 /* BananaModels.swift in Sources */,
				CEAE8084273182AD00DFAAD8 /* BananaInteractor.swift in Sources */,
				CEAE805427317ACF00DFAAD8 /* AppDelegate.swift in Sources */,
			);
			runOnlyForDeploymentPostprocessing = 0;
		};
/* End PBXSourcesBuildPhase section */

/* Begin PBXVariantGroup section */
		CEAE805E27317AD300DFAAD8 /* LaunchScreen.storyboard */ = {
			isa = PBXVariantGroup;
			children = (
				CEAE805F27317AD300DFAAD8 /* Base */,
			);
			name = LaunchScreen.storyboard;
			sourceTree = "<group>";
		};
/* End PBXVariantGroup section */

/* Begin XCBuildConfiguration section */
		CEAE806227317AD300DFAAD8 /* Debug */ = {
			isa = XCBuildConfiguration;
			buildSettings = {
				ALWAYS_SEARCH_USER_PATHS = NO;
				CLANG_ANALYZER_NONNULL = YES;
				CLANG_ANALYZER_NUMBER_OBJECT_CONVERSION = YES_AGGRESSIVE;
				CLANG_CXX_LANGUAGE_STANDARD = "gnu++14";
				CLANG_CXX_LIBRARY = "libc++";
				CLANG_ENABLE_MODULES = YES;
				CLANG_ENABLE_OBJC_ARC = YES;
				CLANG_ENABLE_OBJC_WEAK = YES;
				CLANG_WARN_BLOCK_CAPTURE_AUTORELEASING = YES;
				CLANG_WARN_BOOL_CONVERSION = YES;
				CLANG_WARN_COMMA = YES;
				CLANG_WARN_CONSTANT_CONVERSION = YES;
				CLANG_WARN_DEPRECATED_OBJC_IMPLEMENTATIONS = YES;
				CLANG_WARN_DIRECT_OBJC_ISA_USAGE = YES_ERROR;
				CLANG_WARN_DOCUMENTATION_COMMENTS = YES;
				CLANG_WARN_EMPTY_BODY = YES;
				CLANG_WARN_ENUM_CONVERSION = YES;
				CLANG_WARN_INFINITE_RECURSION = YES;
				CLANG_WARN_INT_CONVERSION = YES;
				CLANG_WARN_NON_LITERAL_NULL_CONVERSION = YES;
				CLANG_WARN_OBJC_IMPLICIT_RETAIN_SELF = YES;
				CLANG_WARN_OBJC_LITERAL_CONVERSION = YES;
				CLANG_WARN_OBJC_ROOT_CLASS = YES_ERROR;
				CLANG_WARN_QUOTED_INCLUDE_IN_FRAMEWORK_HEADER = YES;
				CLANG_WARN_RANGE_LOOP_ANALYSIS = YES;
				CLANG_WARN_STRICT_PROTOTYPES = YES;
				CLANG_WARN_SUSPICIOUS_MOVE = YES;
				CLANG_WARN_UNGUARDED_AVAILABILITY = YES_AGGRESSIVE;
				CLANG_WARN_UNREACHABLE_CODE = YES;
				CLANG_WARN__DUPLICATE_METHOD_MATCH = YES;
				COPY_PHASE_STRIP = NO;
				DEBUG_INFORMATION_FORMAT = dwarf;
				ENABLE_STRICT_OBJC_MSGSEND = YES;
				ENABLE_TESTABILITY = YES;
				GCC_C_LANGUAGE_STANDARD = gnu11;
				GCC_DYNAMIC_NO_PIC = NO;
				GCC_NO_COMMON_BLOCKS = YES;
				GCC_OPTIMIZATION_LEVEL = 0;
				GCC_PREPROCESSOR_DEFINITIONS = (
					"DEBUG=1",
					"$(inherited)",
				);
				GCC_WARN_64_TO_32_BIT_CONVERSION = YES;
				GCC_WARN_ABOUT_RETURN_TYPE = YES_ERROR;
				GCC_WARN_UNDECLARED_SELECTOR = YES;
				GCC_WARN_UNINITIALIZED_AUTOS = YES_AGGRESSIVE;
				GCC_WARN_UNUSED_FUNCTION = YES;
				GCC_WARN_UNUSED_VARIABLE = YES;
				IPHONEOS_DEPLOYMENT_TARGET = 14.5;
				MTL_ENABLE_DEBUG_INFO = INCLUDE_SOURCE;
				MTL_FAST_MATH = YES;
				ONLY_ACTIVE_ARCH = YES;
				SDKROOT = iphoneos;
				SWIFT_ACTIVE_COMPILATION_CONDITIONS = DEBUG;
				SWIFT_OPTIMIZATION_LEVEL = "-Onone";
			};
			name = Debug;
		};
		CEAE806327317AD300DFAAD8 /* Release */ = {
			isa = XCBuildConfiguration;
			buildSettings = {
				ALWAYS_SEARCH_USER_PATHS = NO;
				CLANG_ANALYZER_NONNULL = YES;
				CLANG_ANALYZER_NUMBER_OBJECT_CONVERSION = YES_AGGRESSIVE;
				CLANG_CXX_LANGUAGE_STANDARD = "gnu++14";
				CLANG_CXX_LIBRARY = "libc++";
				CLANG_ENABLE_MODULES = YES;
				CLANG_ENABLE_OBJC_ARC = YES;
				CLANG_ENABLE_OBJC_WEAK = YES;
				CLANG_WARN_BLOCK_CAPTURE_AUTORELEASING = YES;
				CLANG_WARN_BOOL_CONVERSION = YES;
				CLANG_WARN_COMMA = YES;
				CLANG_WARN_CONSTANT_CONVERSION = YES;
				CLANG_WARN_DEPRECATED_OBJC_IMPLEMENTATIONS = YES;
				CLANG_WARN_DIRECT_OBJC_ISA_USAGE = YES_ERROR;
				CLANG_WARN_DOCUMENTATION_COMMENTS = YES;
				CLANG_WARN_EMPTY_BODY = YES;
				CLANG_WARN_ENUM_CONVERSION = YES;
				CLANG_WARN_INFINITE_RECURSION = YES;
				CLANG_WARN_INT_CONVERSION = YES;
				CLANG_WARN_NON_LITERAL_NULL_CONVERSION = YES;
				CLANG_WARN_OBJC_IMPLICIT_RETAIN_SELF = YES;
				CLANG_WARN_OBJC_LITERAL_CONVERSION = YES;
				CLANG_WARN_OBJC_ROOT_CLASS = YES_ERROR;
				CLANG_WARN_QUOTED_INCLUDE_IN_FRAMEWORK_HEADER = YES;
				CLANG_WARN_RANGE_LOOP_ANALYSIS = YES;
				CLANG_WARN_STRICT_PROTOTYPES = YES;
				CLANG_WARN_SUSPICIOUS_MOVE = YES;
				CLANG_WARN_UNGUARDED_AVAILABILITY = YES_AGGRESSIVE;
				CLANG_WARN_UNREACHABLE_CODE = YES;
				CLANG_WARN__DUPLICATE_METHOD_MATCH = YES;
				COPY_PHASE_STRIP = NO;
				DEBUG_INFORMATION_FORMAT = "dwarf-with-dsym";
				ENABLE_NS_ASSERTIONS = NO;
				ENABLE_STRICT_OBJC_MSGSEND = YES;
				GCC_C_LANGUAGE_STANDARD = gnu11;
				GCC_NO_COMMON_BLOCKS = YES;
				GCC_WARN_64_TO_32_BIT_CONVERSION = YES;
				GCC_WARN_ABOUT_RETURN_TYPE = YES_ERROR;
				GCC_WARN_UNDECLARED_SELECTOR = YES;
				GCC_WARN_UNINITIALIZED_AUTOS = YES_AGGRESSIVE;
				GCC_WARN_UNUSED_FUNCTION = YES;
				GCC_WARN_UNUSED_VARIABLE = YES;
				IPHONEOS_DEPLOYMENT_TARGET = 14.5;
				MTL_ENABLE_DEBUG_INFO = NO;
				MTL_FAST_MATH = YES;
				SDKROOT = iphoneos;
				SWIFT_COMPILATION_MODE = wholemodule;
				SWIFT_OPTIMIZATION_LEVEL = "-O";
				VALIDATE_PRODUCT = YES;
			};
			name = Release;
		};
		CEAE806527317AD300DFAAD8 /* Debug */ = {
			isa = XCBuildConfiguration;
			buildSettings = {
				ASSETCATALOG_COMPILER_APPICON_NAME = AppIcon;
				ASSETCATALOG_COMPILER_GLOBAL_ACCENT_COLOR_NAME = AccentColor;
				CLANG_ENABLE_MODULES = YES;
				CODE_SIGN_STYLE = Automatic;
				DEVELOPMENT_TEAM = FK8UAR4Y5V;
				INFOPLIST_FILE = FriendrTestApp/Info.plist;
				LD_RUNPATH_SEARCH_PATHS = (
					"$(inherited)",
					"@executable_path/Frameworks",
				);
				PRODUCT_BUNDLE_IDENTIFIER = com.maryl.FriendrTestApp;
				PRODUCT_NAME = "$(TARGET_NAME)";
				SWIFT_OPTIMIZATION_LEVEL = "-Onone";
				SWIFT_VERSION = 5.0;
				TARGETED_DEVICE_FAMILY = "1,2";
			};
			name = Debug;
		};
		CEAE806627317AD300DFAAD8 /* Release */ = {
			isa = XCBuildConfiguration;
			buildSettings = {
				ASSETCATALOG_COMPILER_APPICON_NAME = AppIcon;
				ASSETCATALOG_COMPILER_GLOBAL_ACCENT_COLOR_NAME = AccentColor;
				CLANG_ENABLE_MODULES = YES;
				CODE_SIGN_STYLE = Automatic;
				DEVELOPMENT_TEAM = FK8UAR4Y5V;
				INFOPLIST_FILE = FriendrTestApp/Info.plist;
				LD_RUNPATH_SEARCH_PATHS = (
					"$(inherited)",
					"@executable_path/Frameworks",
				);
				PRODUCT_BUNDLE_IDENTIFIER = com.maryl.FriendrTestApp;
				PRODUCT_NAME = "$(TARGET_NAME)";
				SWIFT_VERSION = 5.0;
				TARGETED_DEVICE_FAMILY = "1,2";
			};
			name = Release;
		};
/* End XCBuildConfiguration section */

/* Begin XCConfigurationList section */
		CEAE804B27317ACF00DFAAD8 /* Build configuration list for PBXProject "FriendrTestApp" */ = {
			isa = XCConfigurationList;
			buildConfigurations = (
				CEAE806227317AD300DFAAD8 /* Debug */,
				CEAE806327317AD300DFAAD8 /* Release */,
			);
			defaultConfigurationIsVisible = 0;
			defaultConfigurationName = Release;
		};
		CEAE806427317AD300DFAAD8 /* Build configuration list for PBXNativeTarget "FriendrTestApp" */ = {
			isa = XCConfigurationList;
			buildConfigurations = (
				CEAE806527317AD300DFAAD8 /* Debug */,
				CEAE806627317AD300DFAAD8 /* Release */,
			);
			defaultConfigurationIsVisible = 0;
			defaultConfigurationName = Release;
		};
/* End XCConfigurationList section */
	};
	rootObject = CEAE804827317ACF00DFAAD8 /* Project object */;
}
